
Microsoft Visual Studio Solution File, Format Version 12.00
# Visual Studio Version 16
VisualStudioVersion = 16.0.29102.190
MinimumVisualStudioVersion = 10.0.40219.1
Project("{FAE04EC0-301F-11D3-BF4B-00C04F79EFBC}") = "Rover", "Rover\Rover.csproj", "{E0A8F2A2-F634-4C8D-AD64-2679424EE51F}"
EndProject
Project("{FAE04EC0-301F-11D3-BF4B-00C04F79EFBC}") = "Rover.Navigation", "Rover.Navigation\Rover.Navigation.csproj", "{0B3EF182-58F2-476E-8CCF-ADF199EF54E4}"
EndProject
Project("{FAE04EC0-301F-11D3-BF4B-00C04F79EFBC}") = "Rover.Navigation.Test", "Rover.Navigation.Test\Rover.Navigation.Test.csproj", "{2611C62C-93FD-49E0-A40D-77F9CB023677}"
EndProject
Project("{FAE04EC0-301F-11D3-BF4B-00C04F79EFBC}") = "Rover.Console", "Rover.Console\Rover.Console.csproj", "{33EFA1DB-1E9A-4D44-AE57-AA9C84725870}"
EndProject
Project("{FAE04EC0-301F-11D3-BF4B-00C04F79EFBC}") = "Rover.ML", "Rover.ML\Rover.ML.csproj", "{F3C51427-786F-4237-8D29-68BCB9EC8581}"
EndProject
Global
	GlobalSection(SolutionConfigurationPlatforms) = preSolution
		Debug|Any CPU = Debug|Any CPU
		Release|Any CPU = Release|Any CPU
	EndGlobalSection
	GlobalSection(ProjectConfigurationPlatforms) = postSolution
		{E0A8F2A2-F634-4C8D-AD64-2679424EE51F}.Debug|Any CPU.ActiveCfg = Debug|Any CPU
		{E0A8F2A2-F634-4C8D-AD64-2679424EE51F}.Debug|Any CPU.Build.0 = Debug|Any CPU
		{E0A8F2A2-F634-4C8D-AD64-2679424EE51F}.Release|Any CPU.ActiveCfg = Release|Any CPU
		{E0A8F2A2-F634-4C8D-AD64-2679424EE51F}.Release|Any CPU.Build.0 = Release|Any CPU
		{0B3EF182-58F2-476E-8CCF-ADF199EF54E4}.Debug|Any CPU.ActiveCfg = Debug|Any CPU
		{0B3EF182-58F2-476E-8CCF-ADF199EF54E4}.Debug|Any CPU.Build.0 = Debug|Any CPU
		{0B3EF182-58F2-476E-8CCF-ADF199EF54E4}.Release|Any CPU.ActiveCfg = Release|Any CPU
		{0B3EF182-58F2-476E-8CCF-ADF199EF54E4}.Release|Any CPU.Build.0 = Release|Any CPU
		{2611C62C-93FD-49E0-A40D-77F9CB023677}.Debug|Any CPU.ActiveCfg = Debug|Any CPU
		{2611C62C-93FD-49E0-A40D-77F9CB023677}.Debug|Any CPU.Build.0 = Debug|Any CPU
		{2611C62C-93FD-49E0-A40D-77F9CB023677}.Release|Any CPU.ActiveCfg = Release|Any CPU
		{2611C62C-93FD-49E0-A40D-77F9CB023677}.Release|Any CPU.Build.0 = Release|Any CPU
		{33EFA1DB-1E9A-4D44-AE57-AA9C84725870}.Debug|Any CPU.ActiveCfg = Debug|Any CPU
		{33EFA1DB-1E9A-4D44-AE57-AA9C84725870}.Debug|Any CPU.Build.0 = Debug|Any CPU
		{33EFA1DB-1E9A-4D44-AE57-AA9C84725870}.Release|Any CPU.ActiveCfg = Release|Any CPU
		{33EFA1DB-1E9A-4D44-AE57-AA9C84725870}.Release|Any CPU.Build.0 = Release|Any CPU
		{F3C51427-786F-4237-8D29-68BCB9EC8581}.Debug|Any CPU.ActiveCfg = Debug|Any CPU
		{F3C51427-786F-4237-8D29-68BCB9EC8581}.Debug|Any CPU.Build.0 = Debug|Any CPU
		{F3C51427-786F-4237-8D29-68BCB9EC8581}.Release|Any CPU.ActiveCfg = Release|Any CPU
		{F3C51427-786F-4237-8D29-68BCB9EC8581}.Release|Any CPU.Build.0 = Release|Any CPU
	EndGlobalSection
	GlobalSection(SolutionProperties) = preSolution
		HideSolutionNode = FALSE
	EndGlobalSection
	GlobalSection(ExtensibilityGlobals) = postSolution
		SolutionGuid = {9881C5CF-6609-46ED-9C87-746C6CC17102}
	EndGlobalSection
EndGlobal
